
Microsoft Visual Studio Solution File, Format Version 12.00
Project("{2150E333-8FDC-42A3-9474-1A3956D46DE8}") = "tests", "tests", "{47543174-2DF5-403A-97B4-D0DB293233D9}"
EndProject
Project("{2150E333-8FDC-42A3-9474-1A3956D46DE8}") = "src", "src", "{A22A0B59-33FD-455B-99BF-948A17F3D120}"
EndProject
Project("{FAE04EC0-301F-11D3-BF4B-00C04F79EFBC}") = "Application", "src\Application\Application.csproj", "{884E8E41-E6FA-49E8-AC94-688FB7901C3C}"
EndProject
Project("{FAE04EC0-301F-11D3-BF4B-00C04F79EFBC}") = "Infrastructure", "src\Infrastructure\Infrastructure.csproj", "{A84A56F9-1C20-41BB-8C45-4B222AA810ED}"
EndProject
Project("{FAE04EC0-301F-11D3-BF4B-00C04F79EFBC}") = "Presentation", "src\Presentation\Presentation.csproj", "{54D8C757-648B-45D8-9EA0-F09C8AE5826A}"
EndProject
Project("{FAE04EC0-301F-11D3-BF4B-00C04F79EFBC}") = "Domain", "src\Domain\Domain.csproj", "{90286BCE-E03F-444B-8D29-0A533E38D761}"
EndProject
Global
	GlobalSection(SolutionConfigurationPlatforms) = preSolution
		Debug|Any CPU = Debug|Any CPU
		Release|Any CPU = Release|Any CPU
	EndGlobalSection
	GlobalSection(NestedProjects) = preSolution
		{884E8E41-E6FA-49E8-AC94-688FB7901C3C} = {A22A0B59-33FD-455B-99BF-948A17F3D120}
		{A84A56F9-1C20-41BB-8C45-4B222AA810ED} = {A22A0B59-33FD-455B-99BF-948A17F3D120}
		{54D8C757-648B-45D8-9EA0-F09C8AE5826A} = {A22A0B59-33FD-455B-99BF-948A17F3D120}
		{90286BCE-E03F-444B-8D29-0A533E38D761} = {A22A0B59-33FD-455B-99BF-948A17F3D120}
	EndGlobalSection
	GlobalSection(ProjectConfigurationPlatforms) = postSolution
		{884E8E41-E6FA-49E8-AC94-688FB7901C3C}.Debug|Any CPU.ActiveCfg = Debug|Any CPU
		{884E8E41-E6FA-49E8-AC94-688FB7901C3C}.Debug|Any CPU.Build.0 = Debug|Any CPU
		{884E8E41-E6FA-49E8-AC94-688FB7901C3C}.Release|Any CPU.ActiveCfg = Release|Any CPU
		{884E8E41-E6FA-49E8-AC94-688FB7901C3C}.Release|Any CPU.Build.0 = Release|Any CPU
		{A84A56F9-1C20-41BB-8C45-4B222AA810ED}.Debug|Any CPU.ActiveCfg = Debug|Any CPU
		{A84A56F9-1C20-41BB-8C45-4B222AA810ED}.Debug|Any CPU.Build.0 = Debug|Any CPU
		{A84A56F9-1C20-41BB-8C45-4B222AA810ED}.Release|Any CPU.ActiveCfg = Release|Any CPU
		{A84A56F9-1C20-41BB-8C45-4B222AA810ED}.Release|Any CPU.Build.0 = Release|Any CPU
		{54D8C757-648B-45D8-9EA0-F09C8AE5826A}.Debug|Any CPU.ActiveCfg = Debug|Any CPU
		{54D8C757-648B-45D8-9EA0-F09C8AE5826A}.Debug|Any CPU.Build.0 = Debug|Any CPU
		{54D8C757-648B-45D8-9EA0-F09C8AE5826A}.Release|Any CPU.ActiveCfg = Release|Any CPU
		{54D8C757-648B-45D8-9EA0-F09C8AE5826A}.Release|Any CPU.Build.0 = Release|Any CPU
		{90286BCE-E03F-444B-8D29-0A533E38D761}.Debug|Any CPU.ActiveCfg = Debug|Any CPU
		{90286BCE-E03F-444B-8D29-0A533E38D761}.Debug|Any CPU.Build.0 = Debug|Any CPU
		{90286BCE-E03F-444B-8D29-0A533E38D761}.Release|Any CPU.ActiveCfg = Release|Any CPU
		{90286BCE-E03F-444B-8D29-0A533E38D761}.Release|Any CPU.Build.0 = Release|Any CPU
	EndGlobalSection
EndGlobal
